
Microsoft Visual Studio Solution File, Format Version 12.00
# Visual Studio Version 16
VisualStudioVersion = 16.0.29728.190
MinimumVisualStudioVersion = 10.0.40219.1
Project("{FAE04EC0-301F-11D3-BF4B-00C04F79EFBC}") = "SQLRelation", "SQLRelation\SQLRelation.csproj", "{46BA2BFB-D059-4F97-BFAA-0EDC4311FE5E}"
EndProject
Global
	GlobalSection(SolutionConfigurationPlatforms) = preSolution
		Debug|Any CPU = Debug|Any CPU
		Release|Any CPU = Release|Any CPU
	EndGlobalSection
	GlobalSection(ProjectConfigurationPlatforms) = postSolution
		{46BA2BFB-D059-4F97-BFAA-0EDC4311FE5E}.Debug|Any CPU.ActiveCfg = Debug|Any CPU
		{46BA2BFB-D059-4F97-BFAA-0EDC4311FE5E}.Debug|Any CPU.Build.0 = Debug|Any CPU
		{46BA2BFB-D059-4F97-BFAA-0EDC4311FE5E}.Release|Any CPU.ActiveCfg = Release|Any CPU
		{46BA2BFB-D059-4F97-BFAA-0EDC4311FE5E}.Release|Any CPU.Build.0 = Release|Any CPU
	EndGlobalSection
	GlobalSection(SolutionProperties) = preSolution
		HideSolutionNode = FALSE
	EndGlobalSection
	GlobalSection(ExtensibilityGlobals) = postSolution
		SolutionGuid = {4A4A347B-8352-4845-BB56-411D1B99D3D6}
	EndGlobalSection
EndGlobal
